
Microsoft Visual Studio Solution File, Format Version 12.00
# Visual Studio 2012
Project("{2150E333-8FDC-42A3-9474-1A3956D46DE8}") = "Common", "Common", "{B4A0988F-1E29-452E-8B53-A219293A5B2E}"
EndProject
Project("{FAE04EC0-301F-11D3-BF4B-00C04F79EFBC}") = "MyZoo.Common.Animals", "MyZoo.Common.Animal\MyZoo.Common.Animals.csproj", "{7958E23B-7E38-4B33-9238-8B847364FF1C}"
EndProject
Project("{FAE04EC0-301F-11D3-BF4B-00C04F79EFBC}") = "MyZoo.Common.Cages", "MyZoo.Common.Cages\MyZoo.Common.Cages.csproj", "{D6E0032F-BE74-431F-8F7C-7DBE8A3DF68F}"
EndProject
Project("{FAE04EC0-301F-11D3-BF4B-00C04F79EFBC}") = "MyZoo.Common.Feeds", "MyZoo.Common.Feeds\MyZoo.Common.Feeds.csproj", "{845879CE-7166-4931-AADA-45E511D9F8CE}"
EndProject
Project("{FAE04EC0-301F-11D3-BF4B-00C04F79EFBC}") = "MyZoo.Common.Factories", "MyZoo.Common.Factories\MyZoo.Common.Factories.csproj", "{AE08471F-588D-4285-9FD8-50AA125CEC78}"
EndProject
Project("{FAE04EC0-301F-11D3-BF4B-00C04F79EFBC}") = "MyZoo.DataAccess.Core", "MyZoo.DataAccess.Core\MyZoo.DataAccess.Core.csproj", "{A6918650-5884-4B9D-A2C4-BCCA65217331}"
EndProject
Project("{2150E333-8FDC-42A3-9474-1A3956D46DE8}") = "DataAccess", "DataAccess", "{248051F4-9152-4D93-9184-3EC4E3C46592}"
EndProject
Project("{FAE04EC0-301F-11D3-BF4B-00C04F79EFBC}") = "MyZoo.Common.Interfaces", "MyZoo.Common.Interfaces\MyZoo.Common.Interfaces.csproj", "{7FD919E0-C941-45CB-ACF6-6AD6BD40E457}"
EndProject
Project("{2150E333-8FDC-42A3-9474-1A3956D46DE8}") = "Business", "Business", "{03622D31-B984-4382-9F95-05B886C0C44E}"
EndProject
Project("{FAE04EC0-301F-11D3-BF4B-00C04F79EFBC}") = "MyZoo.Business.Services", "MyZoo.Business.Services\MyZoo.Business.Services.csproj", "{339BA922-4B11-4CC7-9307-2125CD67309A}"
EndProject
Project("{2150E333-8FDC-42A3-9474-1A3956D46DE8}") = "Test", "Test", "{0DD258D5-E6E9-423A-88FF-808D2688033B}"
EndProject
Project("{FAE04EC0-301F-11D3-BF4B-00C04F79EFBC}") = "MyZoo.Business.Services.Tests", "MyZoo.Business.Services.Tests\MyZoo.Business.Services.Tests.csproj", "{0738D79A-FC8D-47B7-9C80-01581F70BAE2}"
EndProject
Global
	GlobalSection(SolutionConfigurationPlatforms) = preSolution
		Debug|Any CPU = Debug|Any CPU
		Release|Any CPU = Release|Any CPU
	EndGlobalSection
	GlobalSection(ProjectConfigurationPlatforms) = postSolution
		{7958E23B-7E38-4B33-9238-8B847364FF1C}.Debug|Any CPU.ActiveCfg = Debug|Any CPU
		{7958E23B-7E38-4B33-9238-8B847364FF1C}.Debug|Any CPU.Build.0 = Debug|Any CPU
		{7958E23B-7E38-4B33-9238-8B847364FF1C}.Release|Any CPU.ActiveCfg = Release|Any CPU
		{7958E23B-7E38-4B33-9238-8B847364FF1C}.Release|Any CPU.Build.0 = Release|Any CPU
		{D6E0032F-BE74-431F-8F7C-7DBE8A3DF68F}.Debug|Any CPU.ActiveCfg = Debug|Any CPU
		{D6E0032F-BE74-431F-8F7C-7DBE8A3DF68F}.Debug|Any CPU.Build.0 = Debug|Any CPU
		{D6E0032F-BE74-431F-8F7C-7DBE8A3DF68F}.Release|Any CPU.ActiveCfg = Release|Any CPU
		{D6E0032F-BE74-431F-8F7C-7DBE8A3DF68F}.Release|Any CPU.Build.0 = Release|Any CPU
		{845879CE-7166-4931-AADA-45E511D9F8CE}.Debug|Any CPU.ActiveCfg = Debug|Any CPU
		{845879CE-7166-4931-AADA-45E511D9F8CE}.Debug|Any CPU.Build.0 = Debug|Any CPU
		{845879CE-7166-4931-AADA-45E511D9F8CE}.Release|Any CPU.ActiveCfg = Release|Any CPU
		{845879CE-7166-4931-AADA-45E511D9F8CE}.Release|Any CPU.Build.0 = Release|Any CPU
		{AE08471F-588D-4285-9FD8-50AA125CEC78}.Debug|Any CPU.ActiveCfg = Debug|Any CPU
		{AE08471F-588D-4285-9FD8-50AA125CEC78}.Debug|Any CPU.Build.0 = Debug|Any CPU
		{AE08471F-588D-4285-9FD8-50AA125CEC78}.Release|Any CPU.ActiveCfg = Release|Any CPU
		{AE08471F-588D-4285-9FD8-50AA125CEC78}.Release|Any CPU.Build.0 = Release|Any CPU
		{A6918650-5884-4B9D-A2C4-BCCA65217331}.Debug|Any CPU.ActiveCfg = Debug|Any CPU
		{A6918650-5884-4B9D-A2C4-BCCA65217331}.Debug|Any CPU.Build.0 = Debug|Any CPU
		{A6918650-5884-4B9D-A2C4-BCCA65217331}.Release|Any CPU.ActiveCfg = Release|Any CPU
		{A6918650-5884-4B9D-A2C4-BCCA65217331}.Release|Any CPU.Build.0 = Release|Any CPU
		{7FD919E0-C941-45CB-ACF6-6AD6BD40E457}.Debug|Any CPU.ActiveCfg = Debug|Any CPU
		{7FD919E0-C941-45CB-ACF6-6AD6BD40E457}.Debug|Any CPU.Build.0 = Debug|Any CPU
		{7FD919E0-C941-45CB-ACF6-6AD6BD40E457}.Release|Any CPU.ActiveCfg = Release|Any CPU
		{7FD919E0-C941-45CB-ACF6-6AD6BD40E457}.Release|Any CPU.Build.0 = Release|Any CPU
		{339BA922-4B11-4CC7-9307-2125CD67309A}.Debug|Any CPU.ActiveCfg = Debug|Any CPU
		{339BA922-4B11-4CC7-9307-2125CD67309A}.Debug|Any CPU.Build.0 = Debug|Any CPU
		{339BA922-4B11-4CC7-9307-2125CD67309A}.Release|Any CPU.ActiveCfg = Release|Any CPU
		{339BA922-4B11-4CC7-9307-2125CD67309A}.Release|Any CPU.Build.0 = Release|Any CPU
		{0738D79A-FC8D-47B7-9C80-01581F70BAE2}.Debug|Any CPU.ActiveCfg = Debug|Any CPU
		{0738D79A-FC8D-47B7-9C80-01581F70BAE2}.Debug|Any CPU.Build.0 = Debug|Any CPU
		{0738D79A-FC8D-47B7-9C80-01581F70BAE2}.Release|Any CPU.ActiveCfg = Release|Any CPU
		{0738D79A-FC8D-47B7-9C80-01581F70BAE2}.Release|Any CPU.Build.0 = Release|Any CPU
	EndGlobalSection
	GlobalSection(SolutionProperties) = preSolution
		HideSolutionNode = FALSE
	EndGlobalSection
	GlobalSection(NestedProjects) = preSolution
		{7958E23B-7E38-4B33-9238-8B847364FF1C} = {B4A0988F-1E29-452E-8B53-A219293A5B2E}
		{D6E0032F-BE74-431F-8F7C-7DBE8A3DF68F} = {B4A0988F-1E29-452E-8B53-A219293A5B2E}
		{845879CE-7166-4931-AADA-45E511D9F8CE} = {B4A0988F-1E29-452E-8B53-A219293A5B2E}
		{AE08471F-588D-4285-9FD8-50AA125CEC78} = {B4A0988F-1E29-452E-8B53-A219293A5B2E}
		{7FD919E0-C941-45CB-ACF6-6AD6BD40E457} = {B4A0988F-1E29-452E-8B53-A219293A5B2E}
		{A6918650-5884-4B9D-A2C4-BCCA65217331} = {248051F4-9152-4D93-9184-3EC4E3C46592}
		{339BA922-4B11-4CC7-9307-2125CD67309A} = {03622D31-B984-4382-9F95-05B886C0C44E}
		{0738D79A-FC8D-47B7-9C80-01581F70BAE2} = {0DD258D5-E6E9-423A-88FF-808D2688033B}
	EndGlobalSection
EndGlobal
